
Microsoft Visual Studio Solution File, Format Version 12.00
# Visual Studio 2012
Project("{FAE04EC0-301F-11D3-BF4B-00C04F79EFBC}") = "SocialSecurityValidation", "SocialSecurityValidation\SocialSecurityValidation.csproj", "{A6EEF100-2C81-41D2-A89E-1C453CC1840D}"
EndProject
Global
	GlobalSection(SolutionConfigurationPlatforms) = preSolution
		Debug|Any CPU = Debug|Any CPU
		Release|Any CPU = Release|Any CPU
	EndGlobalSection
	GlobalSection(ProjectConfigurationPlatforms) = postSolution
		{A6EEF100-2C81-41D2-A89E-1C453CC1840D}.Debug|Any CPU.ActiveCfg = Debug|Any CPU
		{A6EEF100-2C81-41D2-A89E-1C453CC1840D}.Debug|Any CPU.Build.0 = Debug|Any CPU
		{A6EEF100-2C81-41D2-A89E-1C453CC1840D}.Release|Any CPU.ActiveCfg = Release|Any CPU
		{A6EEF100-2C81-41D2-A89E-1C453CC1840D}.Release|Any CPU.Build.0 = Release|Any CPU
	EndGlobalSection
	GlobalSection(SolutionProperties) = preSolution
		HideSolutionNode = FALSE
	EndGlobalSection
EndGlobal
